// !$*UTF8*$!
{
	archiveVersion = 1;
	classes = {
	};
	objectVersion = 50;
	objects = {

/* Begin PBXBuildFile section */
		049D081B2550647300100AF6 /* AppDelegate.swift in Sources */ = {isa = PBXBuildFile; fileRef = 049D081A2550647300100AF6 /* AppDelegate.swift */; };
		049D081D2550647300100AF6 /* SceneDelegate.swift in Sources */ = {isa = PBXBuildFile; fileRef = 049D081C2550647300100AF6 /* SceneDelegate.swift */; };
		049D081F2550647300100AF6 /* ContentView.swift in Sources */ = {isa = PBXBuildFile; fileRef = 049D081E2550647300100AF6 /* ContentView.swift */; };
		049D08212550647500100AF6 /* Assets.xcassets in Resources */ = {isa = PBXBuildFile; fileRef = 049D08202550647500100AF6 /* Assets.xcassets */; };
		049D08242550647500100AF6 /* Preview Assets.xcassets in Resources */ = {isa = PBXBuildFile; fileRef = 049D08232550647500100AF6 /* Preview Assets.xcassets */; };
		049D08272550647500100AF6 /* LaunchScreen.storyboard in Resources */ = {isa = PBXBuildFile; fileRef = 049D08252550647500100AF6 /* LaunchScreen.storyboard */; };
		04A6D79E255AC18F0056D1F7 /* SuffixInteractor.swift in Sources */ = {isa = PBXBuildFile; fileRef = 04A6D79D255AC18F0056D1F7 /* SuffixInteractor.swift */; };
		04A6D7A2255AD6EC0056D1F7 /* AllSuffixView.swift in Sources */ = {isa = PBXBuildFile; fileRef = 04A6D7A1255AD6EC0056D1F7 /* AllSuffixView.swift */; };
		04A6D7A5255AD95D0056D1F7 /* SuffixSequence.swift in Sources */ = {isa = PBXBuildFile; fileRef = 04A6D7A4255AD95D0056D1F7 /* SuffixSequence.swift */; };
		04A6D7A7255AD99B0056D1F7 /* BaseViewModel.swift in Sources */ = {isa = PBXBuildFile; fileRef = 04A6D7A6255AD99B0056D1F7 /* BaseViewModel.swift */; };
		04A6D7B2255C6A990056D1F7 /* Suffix.swift in Sources */ = {isa = PBXBuildFile; fileRef = 04A6D7B1255C6A990056D1F7 /* Suffix.swift */; };
		04A6D7B4255C729E0056D1F7 /* Top3Suffix.swift in Sources */ = {isa = PBXBuildFile; fileRef = 04A6D7B3255C729E0056D1F7 /* Top3Suffix.swift */; };
		04A6D7B6255C72C60056D1F7 /* Top5Suffix.swift in Sources */ = {isa = PBXBuildFile; fileRef = 04A6D7B5255C72C60056D1F7 /* Top5Suffix.swift */; };
		04A6D7B8255C75A20056D1F7 /* SortButtons.swift in Sources */ = {isa = PBXBuildFile; fileRef = 04A6D7B7255C75A20056D1F7 /* SortButtons.swift */; };
		04A6D7BA255C76F10056D1F7 /* SuffixList.swift in Sources */ = {isa = PBXBuildFile; fileRef = 04A6D7B9255C76F10056D1F7 /* SuffixList.swift */; };
		04A6D7BD255D5C600056D1F7 /* StringProtocol.swift in Sources */ = {isa = PBXBuildFile; fileRef = 04A6D7BC255D5C600056D1F7 /* StringProtocol.swift */; };
		04A6D7BF255D5C8D0056D1F7 /* Bool.swift in Sources */ = {isa = PBXBuildFile; fileRef = 04A6D7BE255D5C8D0056D1F7 /* Bool.swift */; };
		04A6D7C7255D61890056D1F7 /* ShareViewController.swift in Sources */ = {isa = PBXBuildFile; fileRef = 04A6D7C6255D61890056D1F7 /* ShareViewController.swift */; };
		04A6D7CA255D61890056D1F7 /* MainInterface.storyboard in Resources */ = {isa = PBXBuildFile; fileRef = 04A6D7C8255D61890056D1F7 /* MainInterface.storyboard */; };
		04A6D7CE255D61890056D1F7 /* CustomSave.appex in Embed App Extensions */ = {isa = PBXBuildFile; fileRef = 04A6D7C4255D61890056D1F7 /* CustomSave.appex */; settings = {ATTRIBUTES = (RemoveHeadersOnCopy, ); }; };
/* End PBXBuildFile section */

/* Begin PBXContainerItemProxy section */
		04A6D7CC255D61890056D1F7 /* PBXContainerItemProxy */ = {
			isa = PBXContainerItemProxy;
			containerPortal = 049D080F2550647300100AF6 /* Project object */;
			proxyType = 1;
			remoteGlobalIDString = 04A6D7C3255D61890056D1F7;
			remoteInfo = CustomSave;
		};
/* End PBXContainerItemProxy section */

/* Begin PBXCopyFilesBuildPhase section */
		049D0840255064B300100AF6 /* Embed App Extensions */ = {
			isa = PBXCopyFilesBuildPhase;
			buildActionMask = 2147483647;
			dstPath = "";
			dstSubfolderSpec = 13;
			files = (
				04A6D7CE255D61890056D1F7 /* CustomSave.appex in Embed App Extensions */,
			);
			name = "Embed App Extensions";
			runOnlyForDeploymentPostprocessing = 0;
		};
/* End PBXCopyFilesBuildPhase section */

/* Begin PBXFileReference section */
		045E2C7325519B2300690439 /* SuffixAnalysis.entitlements */ = {isa = PBXFileReference; lastKnownFileType = text.plist.entitlements; path = SuffixAnalysis.entitlements; sourceTree = "<group>"; };
		049D08172550647300100AF6 /* SuffixAnalysis.app */ = {isa = PBXFileReference; explicitFileType = wrapper.application; includeInIndex = 0; path = SuffixAnalysis.app; sourceTree = BUILT_PRODUCTS_DIR; };
		049D081A2550647300100AF6 /* AppDelegate.swift */ = {isa = PBXFileReference; lastKnownFileType = sourcecode.swift; path = AppDelegate.swift; sourceTree = "<group>"; };
		049D081C2550647300100AF6 /* SceneDelegate.swift */ = {isa = PBXFileReference; lastKnownFileType = sourcecode.swift; path = SceneDelegate.swift; sourceTree = "<group>"; };
		049D081E2550647300100AF6 /* ContentView.swift */ = {isa = PBXFileReference; lastKnownFileType = sourcecode.swift; path = ContentView.swift; sourceTree = "<group>"; };
		049D08202550647500100AF6 /* Assets.xcassets */ = {isa = PBXFileReference; lastKnownFileType = folder.assetcatalog; path = Assets.xcassets; sourceTree = "<group>"; };
		049D08232550647500100AF6 /* Preview Assets.xcassets */ = {isa = PBXFileReference; lastKnownFileType = folder.assetcatalog; path = "Preview Assets.xcassets"; sourceTree = "<group>"; };
		049D08262550647500100AF6 /* Base */ = {isa = PBXFileReference; lastKnownFileType = file.storyboard; name = Base; path = Base.lproj/LaunchScreen.storyboard; sourceTree = "<group>"; };
		049D08282550647500100AF6 /* Info.plist */ = {isa = PBXFileReference; lastKnownFileType = text.plist.xml; path = Info.plist; sourceTree = "<group>"; };
		04A6D79D255AC18F0056D1F7 /* SuffixInteractor.swift */ = {isa = PBXFileReference; lastKnownFileType = sourcecode.swift; path = SuffixInteractor.swift; sourceTree = "<group>"; };
		04A6D7A1255AD6EC0056D1F7 /* AllSuffixView.swift */ = {isa = PBXFileReference; lastKnownFileType = sourcecode.swift; path = AllSuffixView.swift; sourceTree = "<group>"; };
		04A6D7A4255AD95D0056D1F7 /* SuffixSequence.swift */ = {isa = PBXFileReference; lastKnownFileType = sourcecode.swift; path = SuffixSequence.swift; sourceTree = "<group>"; };
		04A6D7A6255AD99B0056D1F7 /* BaseViewModel.swift */ = {isa = PBXFileReference; lastKnownFileType = sourcecode.swift; path = BaseViewModel.swift; sourceTree = "<group>"; };
		04A6D7B1255C6A990056D1F7 /* Suffix.swift */ = {isa = PBXFileReference; lastKnownFileType = sourcecode.swift; path = Suffix.swift; sourceTree = "<group>"; };
		04A6D7B3255C729E0056D1F7 /* Top3Suffix.swift */ = {isa = PBXFileReference; lastKnownFileType = sourcecode.swift; path = Top3Suffix.swift; sourceTree = "<group>"; };
		04A6D7B5255C72C60056D1F7 /* Top5Suffix.swift */ = {isa = PBXFileReference; lastKnownFileType = sourcecode.swift; path = Top5Suffix.swift; sourceTree = "<group>"; };
		04A6D7B7255C75A20056D1F7 /* SortButtons.swift */ = {isa = PBXFileReference; lastKnownFileType = sourcecode.swift; path = SortButtons.swift; sourceTree = "<group>"; };
		04A6D7B9255C76F10056D1F7 /* SuffixList.swift */ = {isa = PBXFileReference; lastKnownFileType = sourcecode.swift; path = SuffixList.swift; sourceTree = "<group>"; };
		04A6D7BC255D5C600056D1F7 /* StringProtocol.swift */ = {isa = PBXFileReference; lastKnownFileType = sourcecode.swift; path = StringProtocol.swift; sourceTree = "<group>"; };
		04A6D7BE255D5C8D0056D1F7 /* Bool.swift */ = {isa = PBXFileReference; lastKnownFileType = sourcecode.swift; path = Bool.swift; sourceTree = "<group>"; };
		04A6D7C4255D61890056D1F7 /* CustomSave.appex */ = {isa = PBXFileReference; explicitFileType = "wrapper.app-extension"; includeInIndex = 0; path = CustomSave.appex; sourceTree = BUILT_PRODUCTS_DIR; };
		04A6D7C6255D61890056D1F7 /* ShareViewController.swift */ = {isa = PBXFileReference; lastKnownFileType = sourcecode.swift; path = ShareViewController.swift; sourceTree = "<group>"; };
		04A6D7C9255D61890056D1F7 /* Base */ = {isa = PBXFileReference; lastKnownFileType = file.storyboard; name = Base; path = Base.lproj/MainInterface.storyboard; sourceTree = "<group>"; };
		04A6D7CB255D61890056D1F7 /* Info.plist */ = {isa = PBXFileReference; lastKnownFileType = text.plist.xml; path = Info.plist; sourceTree = "<group>"; };
		04A6D7D2255D61A80056D1F7 /* CustomSave.entitlements */ = {isa = PBXFileReference; lastKnownFileType = text.plist.entitlements; path = CustomSave.entitlements; sourceTree = "<group>"; };
/* End PBXFileReference section */

/* Begin PBXFrameworksBuildPhase section */
		049D08142550647300100AF6 /* Frameworks */ = {
			isa = PBXFrameworksBuildPhase;
			buildActionMask = 2147483647;
			files = (
			);
			runOnlyForDeploymentPostprocessing = 0;
		};
		04A6D7C1255D61890056D1F7 /* Frameworks */ = {
			isa = PBXFrameworksBuildPhase;
			buildActionMask = 2147483647;
			files = (
			);
			runOnlyForDeploymentPostprocessing = 0;
		};
/* End PBXFrameworksBuildPhase section */

/* Begin PBXGroup section */
		049D080E2550647300100AF6 = {
			isa = PBXGroup;
			children = (
				049D08192550647300100AF6 /* SuffixAnalysis */,
				04A6D7C5255D61890056D1F7 /* CustomSave */,
				049D08182550647300100AF6 /* Products */,
			);
			sourceTree = "<group>";
		};
		049D08182550647300100AF6 /* Products */ = {
			isa = PBXGroup;
			children = (
				049D08172550647300100AF6 /* SuffixAnalysis.app */,
				04A6D7C4255D61890056D1F7 /* CustomSave.appex */,
			);
			name = Products;
			sourceTree = "<group>";
		};
		049D08192550647300100AF6 /* SuffixAnalysis */ = {
			isa = PBXGroup;
			children = (
				04A6D7BB255D5C480056D1F7 /* Extenstion */,
				04A6D7A3255AD9380056D1F7 /* Model */,
				04A6D79C255AC1770056D1F7 /* SuffixViews */,
				045E2C7325519B2300690439 /* SuffixAnalysis.entitlements */,
				049D081A2550647300100AF6 /* AppDelegate.swift */,
				049D081C2550647300100AF6 /* SceneDelegate.swift */,
				049D081E2550647300100AF6 /* ContentView.swift */,
				049D08202550647500100AF6 /* Assets.xcassets */,
				049D08252550647500100AF6 /* LaunchScreen.storyboard */,
				049D08282550647500100AF6 /* Info.plist */,
				049D08222550647500100AF6 /* Preview Content */,
			);
			path = SuffixAnalysis;
			sourceTree = "<group>";
		};
		049D08222550647500100AF6 /* Preview Content */ = {
			isa = PBXGroup;
			children = (
				049D08232550647500100AF6 /* Preview Assets.xcassets */,
			);
			path = "Preview Content";
			sourceTree = "<group>";
		};
		04A6D79C255AC1770056D1F7 /* SuffixViews */ = {
			isa = PBXGroup;
			children = (
				04A6D7A1255AD6EC0056D1F7 /* AllSuffixView.swift */,
				04A6D7B3255C729E0056D1F7 /* Top3Suffix.swift */,
				04A6D7B5255C72C60056D1F7 /* Top5Suffix.swift */,
				04A6D7B7255C75A20056D1F7 /* SortButtons.swift */,
				04A6D7B9255C76F10056D1F7 /* SuffixList.swift */,
			);
			path = SuffixViews;
			sourceTree = "<group>";
		};
		04A6D7A3255AD9380056D1F7 /* Model */ = {
			isa = PBXGroup;
			children = (
				04A6D79D255AC18F0056D1F7 /* SuffixInteractor.swift */,
				04A6D7A4255AD95D0056D1F7 /* SuffixSequence.swift */,
				04A6D7A6255AD99B0056D1F7 /* BaseViewModel.swift */,
				04A6D7B1255C6A990056D1F7 /* Suffix.swift */,
			);
			path = Model;
			sourceTree = "<group>";
		};
		04A6D7BB255D5C480056D1F7 /* Extenstion */ = {
			isa = PBXGroup;
			children = (
				04A6D7BC255D5C600056D1F7 /* StringProtocol.swift */,
				04A6D7BE255D5C8D0056D1F7 /* Bool.swift */,
			);
			path = Extenstion;
			sourceTree = "<group>";
		};
		04A6D7C5255D61890056D1F7 /* CustomSave */ = {
			isa = PBXGroup;
			children = (
				04A6D7D2255D61A80056D1F7 /* CustomSave.entitlements */,
				04A6D7C6255D61890056D1F7 /* ShareViewController.swift */,
				04A6D7C8255D61890056D1F7 /* MainInterface.storyboard */,
				04A6D7CB255D61890056D1F7 /* Info.plist */,
			);
			path = CustomSave;
			sourceTree = "<group>";
		};
/* End PBXGroup section */

/* Begin PBXNativeTarget section */
		049D08162550647300100AF6 /* SuffixAnalysis */ = {
			isa = PBXNativeTarget;
			buildConfigurationList = 049D082B2550647500100AF6 /* Build configuration list for PBXNativeTarget "SuffixAnalysis" */;
			buildPhases = (
				049D08132550647300100AF6 /* Sources */,
				049D08142550647300100AF6 /* Frameworks */,
				049D08152550647300100AF6 /* Resources */,
				049D0840255064B300100AF6 /* Embed App Extensions */,
			);
			buildRules = (
			);
			dependencies = (
				04A6D7CD255D61890056D1F7 /* PBXTargetDependency */,
			);
			name = SuffixAnalysis;
			productName = SuffixAnalysis;
			productReference = 049D08172550647300100AF6 /* SuffixAnalysis.app */;
			productType = "com.apple.product-type.application";
		};
		04A6D7C3255D61890056D1F7 /* CustomSave */ = {
			isa = PBXNativeTarget;
			buildConfigurationList = 04A6D7CF255D61890056D1F7 /* Build configuration list for PBXNativeTarget "CustomSave" */;
			buildPhases = (
				04A6D7C0255D61890056D1F7 /* Sources */,
				04A6D7C1255D61890056D1F7 /* Frameworks */,
				04A6D7C2255D61890056D1F7 /* Resources */,
			);
			buildRules = (
			);
			dependencies = (
			);
			name = CustomSave;
			productName = CustomSave;
			productReference = 04A6D7C4255D61890056D1F7 /* CustomSave.appex */;
			productType = "com.apple.product-type.app-extension";
		};
/* End PBXNativeTarget section */

/* Begin PBXProject section */
		049D080F2550647300100AF6 /* Project object */ = {
			isa = PBXProject;
			attributes = {
				LastSwiftUpdateCheck = 1170;
				LastUpgradeCheck = 1150;
				ORGANIZATIONNAME = "Anna Volkova";
				TargetAttributes = {
					049D08162550647300100AF6 = {
						CreatedOnToolsVersion = 11.5;
					};
					04A6D7C3255D61890056D1F7 = {
						CreatedOnToolsVersion = 11.7;
					};
				};
			};
			buildConfigurationList = 049D08122550647300100AF6 /* Build configuration list for PBXProject "SuffixAnalysis" */;
			compatibilityVersion = "Xcode 9.3";
			developmentRegion = en;
			hasScannedForEncodings = 0;
			knownRegions = (
				en,
				Base,
			);
			mainGroup = 049D080E2550647300100AF6;
			productRefGroup = 049D08182550647300100AF6 /* Products */;
			projectDirPath = "";
			projectRoot = "";
			targets = (
				049D08162550647300100AF6 /* SuffixAnalysis */,
				04A6D7C3255D61890056D1F7 /* CustomSave */,
			);
		};
/* End PBXProject section */

/* Begin PBXResourcesBuildPhase section */
		049D08152550647300100AF6 /* Resources */ = {
			isa = PBXResourcesBuildPhase;
			buildActionMask = 2147483647;
			files = (
				049D08272550647500100AF6 /* LaunchScreen.storyboard in Resources */,
				049D08242550647500100AF6 /* Preview Assets.xcassets in Resources */,
				049D08212550647500100AF6 /* Assets.xcassets in Resources */,
			);
			runOnlyForDeploymentPostprocessing = 0;
		};
		04A6D7C2255D61890056D1F7 /* Resources */ = {
			isa = PBXResourcesBuildPhase;
			buildActionMask = 2147483647;
			files = (
				04A6D7CA255D61890056D1F7 /* MainInterface.storyboard in Resources */,
			);
			runOnlyForDeploymentPostprocessing = 0;
		};
/* End PBXResourcesBuildPhase section */

/* Begin PBXSourcesBuildPhase section */
		049D08132550647300100AF6 /* Sources */ = {
			isa = PBXSourcesBuildPhase;
			buildActionMask = 2147483647;
			files = (
				049D081B2550647300100AF6 /* AppDelegate.swift in Sources */,
				04A6D7BD255D5C600056D1F7 /* StringProtocol.swift in Sources */,
				04A6D7A5255AD95D0056D1F7 /* SuffixSequence.swift in Sources */,
				049D081D2550647300100AF6 /* SceneDelegate.swift in Sources */,
				04A6D7BF255D5C8D0056D1F7 /* Bool.swift in Sources */,
				04A6D7A7255AD99B0056D1F7 /* BaseViewModel.swift in Sources */,
				04A6D7BA255C76F10056D1F7 /* SuffixList.swift in Sources */,
				04A6D7B6255C72C60056D1F7 /* Top5Suffix.swift in Sources */,
				04A6D7B4255C729E0056D1F7 /* Top3Suffix.swift in Sources */,
				04A6D7B2255C6A990056D1F7 /* Suffix.swift in Sources */,
				04A6D7B8255C75A20056D1F7 /* SortButtons.swift in Sources */,
				04A6D79E255AC18F0056D1F7 /* SuffixInteractor.swift in Sources */,
				049D081F2550647300100AF6 /* ContentView.swift in Sources */,
				04A6D7A2255AD6EC0056D1F7 /* AllSuffixView.swift in Sources */,
			);
			runOnlyForDeploymentPostprocessing = 0;
		};
		04A6D7C0255D61890056D1F7 /* Sources */ = {
			isa = PBXSourcesBuildPhase;
			buildActionMask = 2147483647;
			files = (
				04A6D7C7255D61890056D1F7 /* ShareViewController.swift in Sources */,
			);
			runOnlyForDeploymentPostprocessing = 0;
		};
/* End PBXSourcesBuildPhase section */

/* Begin PBXTargetDependency section */
		04A6D7CD255D61890056D1F7 /* PBXTargetDependency */ = {
			isa = PBXTargetDependency;
			target = 04A6D7C3255D61890056D1F7 /* CustomSave */;
			targetProxy = 04A6D7CC255D61890056D1F7 /* PBXContainerItemProxy */;
		};
/* End PBXTargetDependency section */

/* Begin PBXVariantGroup section */
		049D08252550647500100AF6 /* LaunchScreen.storyboard */ = {
			isa = PBXVariantGroup;
			children = (
				049D08262550647500100AF6 /* Base */,
			);
			name = LaunchScreen.storyboard;
			sourceTree = "<group>";
		};
		04A6D7C8255D61890056D1F7 /* MainInterface.storyboard */ = {
			isa = PBXVariantGroup;
			children = (
				04A6D7C9255D61890056D1F7 /* Base */,
			);
			name = MainInterface.storyboard;
			sourceTree = "<group>";
		};
/* End PBXVariantGroup section */

/* Begin XCBuildConfiguration section */
		049D08292550647500100AF6 /* Debug */ = {
			isa = XCBuildConfiguration;
			buildSettings = {
				ALWAYS_SEARCH_USER_PATHS = NO;
				CLANG_ANALYZER_NONNULL = YES;
				CLANG_ANALYZER_NUMBER_OBJECT_CONVERSION = YES_AGGRESSIVE;
				CLANG_CXX_LANGUAGE_STANDARD = "gnu++14";
				CLANG_CXX_LIBRARY = "libc++";
				CLANG_ENABLE_MODULES = YES;
				CLANG_ENABLE_OBJC_ARC = YES;
				CLANG_ENABLE_OBJC_WEAK = YES;
				CLANG_WARN_BLOCK_CAPTURE_AUTORELEASING = YES;
				CLANG_WARN_BOOL_CONVERSION = YES;
				CLANG_WARN_COMMA = YES;
				CLANG_WARN_CONSTANT_CONVERSION = YES;
				CLANG_WARN_DEPRECATED_OBJC_IMPLEMENTATIONS = YES;
				CLANG_WARN_DIRECT_OBJC_ISA_USAGE = YES_ERROR;
				CLANG_WARN_DOCUMENTATION_COMMENTS = YES;
				CLANG_WARN_EMPTY_BODY = YES;
				CLANG_WARN_ENUM_CONVERSION = YES;
				CLANG_WARN_INFINITE_RECURSION = YES;
				CLANG_WARN_INT_CONVERSION = YES;
				CLANG_WARN_NON_LITERAL_NULL_CONVERSION = YES;
				CLANG_WARN_OBJC_IMPLICIT_RETAIN_SELF = YES;
				CLANG_WARN_OBJC_LITERAL_CONVERSION = YES;
				CLANG_WARN_OBJC_ROOT_CLASS = YES_ERROR;
				CLANG_WARN_RANGE_LOOP_ANALYSIS = YES;
				CLANG_WARN_STRICT_PROTOTYPES = YES;
				CLANG_WARN_SUSPICIOUS_MOVE = YES;
				CLANG_WARN_UNGUARDED_AVAILABILITY = YES_AGGRESSIVE;
				CLANG_WARN_UNREACHABLE_CODE = YES;
				CLANG_WARN__DUPLICATE_METHOD_MATCH = YES;
				COPY_PHASE_STRIP = NO;
				DEBUG_INFORMATION_FORMAT = dwarf;
				ENABLE_STRICT_OBJC_MSGSEND = YES;
				ENABLE_TESTABILITY = YES;
				GCC_C_LANGUAGE_STANDARD = gnu11;
				GCC_DYNAMIC_NO_PIC = NO;
				GCC_NO_COMMON_BLOCKS = YES;
				GCC_OPTIMIZATION_LEVEL = 0;
				GCC_PREPROCESSOR_DEFINITIONS = (
					"DEBUG=1",
					"$(inherited)",
				);
				GCC_WARN_64_TO_32_BIT_CONVERSION = YES;
				GCC_WARN_ABOUT_RETURN_TYPE = YES_ERROR;
				GCC_WARN_UNDECLARED_SELECTOR = YES;
				GCC_WARN_UNINITIALIZED_AUTOS = YES_AGGRESSIVE;
				GCC_WARN_UNUSED_FUNCTION = YES;
				GCC_WARN_UNUSED_VARIABLE = YES;
				IPHONEOS_DEPLOYMENT_TARGET = 13.5;
				MTL_ENABLE_DEBUG_INFO = INCLUDE_SOURCE;
				MTL_FAST_MATH = YES;
				ONLY_ACTIVE_ARCH = YES;
				SDKROOT = iphoneos;
				SWIFT_ACTIVE_COMPILATION_CONDITIONS = DEBUG;
				SWIFT_OPTIMIZATION_LEVEL = "-Onone";
			};
			name = Debug;
		};
		049D082A2550647500100AF6 /* Release */ = {
			isa = XCBuildConfiguration;
			buildSettings = {
				ALWAYS_SEARCH_USER_PATHS = NO;
				CLANG_ANALYZER_NONNULL = YES;
				CLANG_ANALYZER_NUMBER_OBJECT_CONVERSION = YES_AGGRESSIVE;
				CLANG_CXX_LANGUAGE_STANDARD = "gnu++14";
				CLANG_CXX_LIBRARY = "libc++";
				CLANG_ENABLE_MODULES = YES;
				CLANG_ENABLE_OBJC_ARC = YES;
				CLANG_ENABLE_OBJC_WEAK = YES;
				CLANG_WARN_BLOCK_CAPTURE_AUTORELEASING = YES;
				CLANG_WARN_BOOL_CONVERSION = YES;
				CLANG_WARN_COMMA = YES;
				CLANG_WARN_CONSTANT_CONVERSION = YES;
				CLANG_WARN_DEPRECATED_OBJC_IMPLEMENTATIONS = YES;
				CLANG_WARN_DIRECT_OBJC_ISA_USAGE = YES_ERROR;
				CLANG_WARN_DOCUMENTATION_COMMENTS = YES;
				CLANG_WARN_EMPTY_BODY = YES;
				CLANG_WARN_ENUM_CONVERSION = YES;
				CLANG_WARN_INFINITE_RECURSION = YES;
				CLANG_WARN_INT_CONVERSION = YES;
				CLANG_WARN_NON_LITERAL_NULL_CONVERSION = YES;
				CLANG_WARN_OBJC_IMPLICIT_RETAIN_SELF = YES;
				CLANG_WARN_OBJC_LITERAL_CONVERSION = YES;
				CLANG_WARN_OBJC_ROOT_CLASS = YES_ERROR;
				CLANG_WARN_RANGE_LOOP_ANALYSIS = YES;
				CLANG_WARN_STRICT_PROTOTYPES = YES;
				CLANG_WARN_SUSPICIOUS_MOVE = YES;
				CLANG_WARN_UNGUARDED_AVAILABILITY = YES_AGGRESSIVE;
				CLANG_WARN_UNREACHABLE_CODE = YES;
				CLANG_WARN__DUPLICATE_METHOD_MATCH = YES;
				COPY_PHASE_STRIP = NO;
				DEBUG_INFORMATION_FORMAT = "dwarf-with-dsym";
				ENABLE_NS_ASSERTIONS = NO;
				ENABLE_STRICT_OBJC_MSGSEND = YES;
				GCC_C_LANGUAGE_STANDARD = gnu11;
				GCC_NO_COMMON_BLOCKS = YES;
				GCC_WARN_64_TO_32_BIT_CONVERSION = YES;
				GCC_WARN_ABOUT_RETURN_TYPE = YES_ERROR;
				GCC_WARN_UNDECLARED_SELECTOR = YES;
				GCC_WARN_UNINITIALIZED_AUTOS = YES_AGGRESSIVE;
				GCC_WARN_UNUSED_FUNCTION = YES;
				GCC_WARN_UNUSED_VARIABLE = YES;
				IPHONEOS_DEPLOYMENT_TARGET = 13.5;
				MTL_ENABLE_DEBUG_INFO = NO;
				MTL_FAST_MATH = YES;
				SDKROOT = iphoneos;
				SWIFT_COMPILATION_MODE = wholemodule;
				SWIFT_OPTIMIZATION_LEVEL = "-O";
				VALIDATE_PRODUCT = YES;
			};
			name = Release;
		};
		049D082C2550647500100AF6 /* Debug */ = {
			isa = XCBuildConfiguration;
			buildSettings = {
				ALWAYS_EMBED_SWIFT_STANDARD_LIBRARIES = YES;
				ASSETCATALOG_COMPILER_APPICON_NAME = AppIcon;
				CODE_SIGN_ENTITLEMENTS = SuffixAnalysis/SuffixAnalysis.entitlements;
				CODE_SIGN_STYLE = Automatic;
				DEVELOPMENT_ASSET_PATHS = "\"SuffixAnalysis/Preview Content\"";
				DEVELOPMENT_TEAM = DN258GQLBB;
				ENABLE_PREVIEWS = YES;
				INFOPLIST_FILE = SuffixAnalysis/Info.plist;
				IPHONEOS_DEPLOYMENT_TARGET = 13.5;
				LD_RUNPATH_SEARCH_PATHS = (
					"$(inherited)",
					"@executable_path/Frameworks",
				);
				PRODUCT_BUNDLE_IDENTIFIER = "Anna-Volkova.SuffixAnalysis";
				PRODUCT_NAME = "$(TARGET_NAME)";
				SWIFT_VERSION = 5.0;
				TARGETED_DEVICE_FAMILY = "1,2";
			};
			name = Debug;
		};
		049D082D2550647500100AF6 /* Release */ = {
			isa = XCBuildConfiguration;
			buildSettings = {
				ALWAYS_EMBED_SWIFT_STANDARD_LIBRARIES = YES;
				ASSETCATALOG_COMPILER_APPICON_NAME = AppIcon;
				CODE_SIGN_ENTITLEMENTS = SuffixAnalysis/SuffixAnalysis.entitlements;
				CODE_SIGN_STYLE = Automatic;
				DEVELOPMENT_ASSET_PATHS = "\"SuffixAnalysis/Preview Content\"";
				DEVELOPMENT_TEAM = DN258GQLBB;
				ENABLE_PREVIEWS = YES;
				INFOPLIST_FILE = SuffixAnalysis/Info.plist;
				IPHONEOS_DEPLOYMENT_TARGET = 13.5;
				LD_RUNPATH_SEARCH_PATHS = (
					"$(inherited)",
					"@executable_path/Frameworks",
				);
				PRODUCT_BUNDLE_IDENTIFIER = "Anna-Volkova.SuffixAnalysis";
				PRODUCT_NAME = "$(TARGET_NAME)";
				SWIFT_VERSION = 5.0;
				TARGETED_DEVICE_FAMILY = "1,2";
			};
			name = Release;
		};
		04A6D7D0255D61890056D1F7 /* Debug */ = {
			isa = XCBuildConfiguration;
			buildSettings = {
				CODE_SIGN_ENTITLEMENTS = CustomSave/CustomSave.entitlements;
				CODE_SIGN_STYLE = Automatic;
				DEVELOPMENT_TEAM = DN258GQLBB;
				INFOPLIST_FILE = CustomSave/Info.plist;
				IPHONEOS_DEPLOYMENT_TARGET = 13.5;
				LD_RUNPATH_SEARCH_PATHS = (
					"$(inherited)",
					"@executable_path/Frameworks",
					"@executable_path/../../Frameworks",
				);
				PRODUCT_BUNDLE_IDENTIFIER = "Anna-Volkova.SuffixAnalysis.CustomSave";
				PRODUCT_NAME = "$(TARGET_NAME)";
				SKIP_INSTALL = YES;
				SWIFT_VERSION = 5.0;
				TARGETED_DEVICE_FAMILY = "1,2";
			};
			name = Debug;
		};
		04A6D7D1255D61890056D1F7 /* Release */ = {
			isa = XCBuildConfiguration;
			buildSettings = {
				CODE_SIGN_ENTITLEMENTS = CustomSave/CustomSave.entitlements;
				CODE_SIGN_STYLE = Automatic;
				DEVELOPMENT_TEAM = DN258GQLBB;
				INFOPLIST_FILE = CustomSave/Info.plist;
				IPHONEOS_DEPLOYMENT_TARGET = 13.5;
				LD_RUNPATH_SEARCH_PATHS = (
					"$(inherited)",
					"@executable_path/Frameworks",
					"@executable_path/../../Frameworks",
				);
				PRODUCT_BUNDLE_IDENTIFIER = "Anna-Volkova.SuffixAnalysis.CustomSave";
				PRODUCT_NAME = "$(TARGET_NAME)";
				SKIP_INSTALL = YES;
				SWIFT_VERSION = 5.0;
				TARGETED_DEVICE_FAMILY = "1,2";
			};
			name = Release;
		};
/* End XCBuildConfiguration section */

/* Begin XCConfigurationList section */
		049D08122550647300100AF6 /* Build configuration list for PBXProject "SuffixAnalysis" */ = {
			isa = XCConfigurationList;
			buildConfigurations = (
				049D08292550647500100AF6 /* Debug */,
				049D082A2550647500100AF6 /* Release */,
			);
			defaultConfigurationIsVisible = 0;
			defaultConfigurationName = Release;
		};
		049D082B2550647500100AF6 /* Build configuration list for PBXNativeTarget "SuffixAnalysis" */ = {
			isa = XCConfigurationList;
			buildConfigurations = (
				049D082C2550647500100AF6 /* Debug */,
				049D082D2550647500100AF6 /* Release */,
			);
			defaultConfigurationIsVisible = 0;
			defaultConfigurationName = Release;
		};
		04A6D7CF255D61890056D1F7 /* Build configuration list for PBXNativeTarget "CustomSave" */ = {
			isa = XCConfigurationList;
			buildConfigurations = (
				04A6D7D0255D61890056D1F7 /* Debug */,
				04A6D7D1255D61890056D1F7 /* Release */,
			);
			defaultConfigurationIsVisible = 0;
			defaultConfigurationName = Release;
		};
/* End XCConfigurationList section */
	};
	rootObject = 049D080F2550647300100AF6 /* Project object */;
}
